// !$*UTF8*$!
{
	archiveVersion = 1;
	classes = {
	};
	objectVersion = 50;
	objects = {

/* Begin PBXBuildFile section */
		F795FB892600F75500ED80F2 /* AppDelegate.swift in Sources */ = {isa = PBXBuildFile; fileRef = F795FB882600F75500ED80F2 /* AppDelegate.swift */; };
		F795FB8B2600F75500ED80F2 /* SceneDelegate.swift in Sources */ = {isa = PBXBuildFile; fileRef = F795FB8A2600F75500ED80F2 /* SceneDelegate.swift */; };
		F795FB8D2600F75500ED80F2 /* ViewController.swift in Sources */ = {isa = PBXBuildFile; fileRef = F795FB8C2600F75500ED80F2 /* ViewController.swift */; };
		F795FB902600F75500ED80F2 /* Main.storyboard in Resources */ = {isa = PBXBuildFile; fileRef = F795FB8E2600F75500ED80F2 /* Main.storyboard */; };
		F795FB922600F75700ED80F2 /* Assets.xcassets in Resources */ = {isa = PBXBuildFile; fileRef = F795FB912600F75700ED80F2 /* Assets.xcassets */; };
		F795FB952600F75700ED80F2 /* LaunchScreen.storyboard in Resources */ = {isa = PBXBuildFile; fileRef = F795FB932600F75700ED80F2 /* LaunchScreen.storyboard */; };
		F795FBA02600F75700ED80F2 /* BountyListTests.swift in Sources */ = {isa = PBXBuildFile; fileRef = F795FB9F2600F75700ED80F2 /* BountyListTests.swift */; };
		F795FBAB2600F75700ED80F2 /* BountyListUITests.swift in Sources */ = {isa = PBXBuildFile; fileRef = F795FBAA2600F75700ED80F2 /* BountyListUITests.swift */; };
/* End PBXBuildFile section */

/* Begin PBXContainerItemProxy section */
		F795FB9C2600F75700ED80F2 /* PBXContainerItemProxy */ = {
			isa = PBXContainerItemProxy;
			containerPortal = F795FB7D2600F75500ED80F2 /* Project object */;
			proxyType = 1;
			remoteGlobalIDString = F795FB842600F75500ED80F2;
			remoteInfo = BountyList;
		};
		F795FBA72600F75700ED80F2 /* PBXContainerItemProxy */ = {
			isa = PBXContainerItemProxy;
			containerPortal = F795FB7D2600F75500ED80F2 /* Project object */;
			proxyType = 1;
			remoteGlobalIDString = F795FB842600F75500ED80F2;
			remoteInfo = BountyList;
		};
/* End PBXContainerItemProxy section */

/* Begin PBXFileReference section */
		F795FB852600F75500ED80F2 /* BountyList.app */ = {isa = PBXFileReference; explicitFileType = wrapper.application; includeInIndex = 0; path = BountyList.app; sourceTree = BUILT_PRODUCTS_DIR; };
		F795FB882600F75500ED80F2 /* AppDelegate.swift */ = {isa = PBXFileReference; lastKnownFileType = sourcecode.swift; path = AppDelegate.swift; sourceTree = "<group>"; };
		F795FB8A2600F75500ED80F2 /* SceneDelegate.swift */ = {isa = PBXFileReference; lastKnownFileType = sourcecode.swift; path = SceneDelegate.swift; sourceTree = "<group>"; };
		F795FB8C2600F75500ED80F2 /* ViewController.swift */ = {isa = PBXFileReference; lastKnownFileType = sourcecode.swift; path = ViewController.swift; sourceTree = "<group>"; };
		F795FB8F2600F75500ED80F2 /* Base */ = {isa = PBXFileReference; lastKnownFileType = file.storyboard; name = Base; path = Base.lproj/Main.storyboard; sourceTree = "<group>"; };
		F795FB912600F75700ED80F2 /* Assets.xcassets */ = {isa = PBXFileReference; lastKnownFileType = folder.assetcatalog; path = Assets.xcassets; sourceTree = "<group>"; };
		F795FB942600F75700ED80F2 /* Base */ = {isa = PBXFileReference; lastKnownFileType = file.storyboard; name = Base; path = Base.lproj/LaunchScreen.storyboard; sourceTree = "<group>"; };
		F795FB962600F75700ED80F2 /* Info.plist */ = {isa = PBXFileReference; lastKnownFileType = text.plist.xml; path = Info.plist; sourceTree = "<group>"; };
		F795FB9B2600F75700ED80F2 /* BountyListTests.xctest */ = {isa = PBXFileReference; explicitFileType = wrapper.cfbundle; includeInIndex = 0; path = BountyListTests.xctest; sourceTree = BUILT_PRODUCTS_DIR; };
		F795FB9F2600F75700ED80F2 /* BountyListTests.swift */ = {isa = PBXFileReference; lastKnownFileType = sourcecode.swift; path = BountyListTests.swift; sourceTree = "<group>"; };
		F795FBA12600F75700ED80F2 /* Info.plist */ = {isa = PBXFileReference; lastKnownFileType = text.plist.xml; path = Info.plist; sourceTree = "<group>"; };
		F795FBA62600F75700ED80F2 /* BountyListUITests.xctest */ = {isa = PBXFileReference; explicitFileType = wrapper.cfbundle; includeInIndex = 0; path = BountyListUITests.xctest; sourceTree = BUILT_PRODUCTS_DIR; };
		F795FBAA2600F75700ED80F2 /* BountyListUITests.swift */ = {isa = PBXFileReference; lastKnownFileType = sourcecode.swift; path = BountyListUITests.swift; sourceTree = "<group>"; };
		F795FBAC2600F75700ED80F2 /* Info.plist */ = {isa = PBXFileReference; lastKnownFileType = text.plist.xml; path = Info.plist; sourceTree = "<group>"; };
/* End PBXFileReference section */

/* Begin PBXFrameworksBuildPhase section */
		F795FB822600F75500ED80F2 /* Frameworks */ = {
			isa = PBXFrameworksBuildPhase;
			buildActionMask = 2147483647;
			files = (
			);
			runOnlyForDeploymentPostprocessing = 0;
		};
		F795FB982600F75700ED80F2 /* Frameworks */ = {
			isa = PBXFrameworksBuildPhase;
			buildActionMask = 2147483647;
			files = (
			);
			runOnlyForDeploymentPostprocessing = 0;
		};
		F795FBA32600F75700ED80F2 /* Frameworks */ = {
			isa = PBXFrameworksBuildPhase;
			buildActionMask = 2147483647;
			files = (
			);
			runOnlyForDeploymentPostprocessing = 0;
		};
/* End PBXFrameworksBuildPhase section */

/* Begin PBXGroup section */
		F795FB7C2600F75500ED80F2 = {
			isa = PBXGroup;
			children = (
				F795FB872600F75500ED80F2 /* BountyList */,
				F795FB9E2600F75700ED80F2 /* BountyListTests */,
				F795FBA92600F75700ED80F2 /* BountyListUITests */,
				F795FB862600F75500ED80F2 /* Products */,
			);
			sourceTree = "<group>";
		};
		F795FB862600F75500ED80F2 /* Products */ = {
			isa = PBXGroup;
			children = (
				F795FB852600F75500ED80F2 /* BountyList.app */,
				F795FB9B2600F75700ED80F2 /* BountyListTests.xctest */,
				F795FBA62600F75700ED80F2 /* BountyListUITests.xctest */,
			);
			name = Products;
			sourceTree = "<group>";
		};
		F795FB872600F75500ED80F2 /* BountyList */ = {
			isa = PBXGroup;
			children = (
				F795FB882600F75500ED80F2 /* AppDelegate.swift */,
				F795FB8A2600F75500ED80F2 /* SceneDelegate.swift */,
				F795FB8C2600F75500ED80F2 /* ViewController.swift */,
				F795FB8E2600F75500ED80F2 /* Main.storyboard */,
				F795FB912600F75700ED80F2 /* Assets.xcassets */,
				F795FB932600F75700ED80F2 /* LaunchScreen.storyboard */,
				F795FB962600F75700ED80F2 /* Info.plist */,
			);
			path = BountyList;
			sourceTree = "<group>";
		};
		F795FB9E2600F75700ED80F2 /* BountyListTests */ = {
			isa = PBXGroup;
			children = (
				F795FB9F2600F75700ED80F2 /* BountyListTests.swift */,
				F795FBA12600F75700ED80F2 /* Info.plist */,
			);
			path = BountyListTests;
			sourceTree = "<group>";
		};
		F795FBA92600F75700ED80F2 /* BountyListUITests */ = {
			isa = PBXGroup;
			children = (
				F795FBAA2600F75700ED80F2 /* BountyListUITests.swift */,
				F795FBAC2600F75700ED80F2 /* Info.plist */,
			);
			path = BountyListUITests;
			sourceTree = "<group>";
		};
/* End PBXGroup section */

/* Begin PBXNativeTarget section */
		F795FB842600F75500ED80F2 /* BountyList */ = {
			isa = PBXNativeTarget;
			buildConfigurationList = F795FBAF2600F75700ED80F2 /* Build configuration list for PBXNativeTarget "BountyList" */;
			buildPhases = (
				F795FB812600F75500ED80F2 /* Sources */,
				F795FB822600F75500ED80F2 /* Frameworks */,
				F795FB832600F75500ED80F2 /* Resources */,
			);
			buildRules = (
			);
			dependencies = (
			);
			name = BountyList;
			productName = BountyList;
			productReference = F795FB852600F75500ED80F2 /* BountyList.app */;
			productType = "com.apple.product-type.application";
		};
		F795FB9A2600F75700ED80F2 /* BountyListTests */ = {
			isa = PBXNativeTarget;
			buildConfigurationList = F795FBB22600F75700ED80F2 /* Build configuration list for PBXNativeTarget "BountyListTests" */;
			buildPhases = (
				F795FB972600F75700ED80F2 /* Sources */,
				F795FB982600F75700ED80F2 /* Frameworks */,
				F795FB992600F75700ED80F2 /* Resources */,
			);
			buildRules = (
			);
			dependencies = (
				F795FB9D2600F75700ED80F2 /* PBXTargetDependency */,
			);
			name = BountyListTests;
			productName = BountyListTests;
			productReference = F795FB9B2600F75700ED80F2 /* BountyListTests.xctest */;
			productType = "com.apple.product-type.bundle.unit-test";
		};
		F795FBA52600F75700ED80F2 /* BountyListUITests */ = {
			isa = PBXNativeTarget;
			buildConfigurationList = F795FBB52600F75700ED80F2 /* Build configuration list for PBXNativeTarget "BountyListUITests" */;
			buildPhases = (
				F795FBA22600F75700ED80F2 /* Sources */,
				F795FBA32600F75700ED80F2 /* Frameworks */,
				F795FBA42600F75700ED80F2 /* Resources */,
			);
			buildRules = (
			);
			dependencies = (
				F795FBA82600F75700ED80F2 /* PBXTargetDependency */,
			);
			name = BountyListUITests;
			productName = BountyListUITests;
			productReference = F795FBA62600F75700ED80F2 /* BountyListUITests.xctest */;
			productType = "com.apple.product-type.bundle.ui-testing";
		};
/* End PBXNativeTarget section */

/* Begin PBXProject section */
		F795FB7D2600F75500ED80F2 /* Project object */ = {
			isa = PBXProject;
			attributes = {
				LastSwiftUpdateCheck = 1240;
				LastUpgradeCheck = 1240;
				TargetAttributes = {
					F795FB842600F75500ED80F2 = {
						CreatedOnToolsVersion = 12.4;
					};
					F795FB9A2600F75700ED80F2 = {
						CreatedOnToolsVersion = 12.4;
						TestTargetID = F795FB842600F75500ED80F2;
					};
					F795FBA52600F75700ED80F2 = {
						CreatedOnToolsVersion = 12.4;
						TestTargetID = F795FB842600F75500ED80F2;
					};
				};
			};
			buildConfigurationList = F795FB802600F75500ED80F2 /* Build configuration list for PBXProject "BountyList" */;
			compatibilityVersion = "Xcode 9.3";
			developmentRegion = en;
			hasScannedForEncodings = 0;
			knownRegions = (
				en,
				Base,
			);
			mainGroup = F795FB7C2600F75500ED80F2;
			productRefGroup = F795FB862600F75500ED80F2 /* Products */;
			projectDirPath = "";
			projectRoot = "";
			targets = (
				F795FB842600F75500ED80F2 /* BountyList */,
				F795FB9A2600F75700ED80F2 /* BountyListTests */,
				F795FBA52600F75700ED80F2 /* BountyListUITests */,
			);
		};
/* End PBXProject section */

/* Begin PBXResourcesBuildPhase section */
		F795FB832600F75500ED80F2 /* Resources */ = {
			isa = PBXResourcesBuildPhase;
			buildActionMask = 2147483647;
			files = (
				F795FB952600F75700ED80F2 /* LaunchScreen.storyboard in Resources */,
				F795FB922600F75700ED80F2 /* Assets.xcassets in Resources */,
				F795FB902600F75500ED80F2 /* Main.storyboard in Resources */,
			);
			runOnlyForDeploymentPostprocessing = 0;
		};
		F795FB992600F75700ED80F2 /* Resources */ = {
			isa = PBXResourcesBuildPhase;
			buildActionMask = 2147483647;
			files = (
			);
			runOnlyForDeploymentPostprocessing = 0;
		};
		F795FBA42600F75700ED80F2 /* Resources */ = {
			isa = PBXResourcesBuildPhase;
			buildActionMask = 2147483647;
			files = (
			);
			runOnlyForDeploymentPostprocessing = 0;
		};
/* End PBXResourcesBuildPhase section */

/* Begin PBXSourcesBuildPhase section */
		F795FB812600F75500ED80F2 /* Sources */ = {
			isa = PBXSourcesBuildPhase;
			buildActionMask = 2147483647;
			files = (
				F795FB8D2600F75500ED80F2 /* ViewController.swift in Sources */,
				F795FB892600F75500ED80F2 /* AppDelegate.swift in Sources */,
				F795FB8B2600F75500ED80F2 /* SceneDelegate.swift in Sources */,
			);
			runOnlyForDeploymentPostprocessing = 0;
		};
		F795FB972600F75700ED80F2 /* Sources */ = {
			isa = PBXSourcesBuildPhase;
			buildActionMask = 2147483647;
			files = (
				F795FBA02600F75700ED80F2 /* BountyListTests.swift in Sources */,
			);
			runOnlyForDeploymentPostprocessing = 0;
		};
		F795FBA22600F75700ED80F2 /* Sources */ = {
			isa = PBXSourcesBuildPhase;
			buildActionMask = 2147483647;
			files = (
				F795FBAB2600F75700ED80F2 /* BountyListUITests.swift in Sources */,
			);
			runOnlyForDeploymentPostprocessing = 0;
		};
/* End PBXSourcesBuildPhase section */

/* Begin PBXTargetDependency section */
		F795FB9D2600F75700ED80F2 /* PBXTargetDependency */ = {
			isa = PBXTargetDependency;
			target = F795FB842600F75500ED80F2 /* BountyList */;
			targetProxy = F795FB9C2600F75700ED80F2 /* PBXContainerItemProxy */;
		};
		F795FBA82600F75700ED80F2 /* PBXTargetDependency */ = {
			isa = PBXTargetDependency;
			target = F795FB842600F75500ED80F2 /* BountyList */;
			targetProxy = F795FBA72600F75700ED80F2 /* PBXContainerItemProxy */;
		};
/* End PBXTargetDependency section */

/* Begin PBXVariantGroup section */
		F795FB8E2600F75500ED80F2 /* Main.storyboard */ = {
			isa = PBXVariantGroup;
			children = (
				F795FB8F2600F75500ED80F2 /* Base */,
			);
			name = Main.storyboard;
			sourceTree = "<group>";
		};
		F795FB932600F75700ED80F2 /* LaunchScreen.storyboard */ = {
			isa = PBXVariantGroup;
			children = (
				F795FB942600F75700ED80F2 /* Base */,
			);
			name = LaunchScreen.storyboard;
			sourceTree = "<group>";
		};
/* End PBXVariantGroup section */

/* Begin XCBuildConfiguration section */
		F795FBAD2600F75700ED80F2 /* Debug */ = {
			isa = XCBuildConfiguration;
			buildSettings = {
				ALWAYS_SEARCH_USER_PATHS = NO;
				CLANG_ANALYZER_NONNULL = YES;
				CLANG_ANALYZER_NUMBER_OBJECT_CONVERSION = YES_AGGRESSIVE;
				CLANG_CXX_LANGUAGE_STANDARD = "gnu++14";
				CLANG_CXX_LIBRARY = "libc++";
				CLANG_ENABLE_MODULES = YES;
				CLANG_ENABLE_OBJC_ARC = YES;
				CLANG_ENABLE_OBJC_WEAK = YES;
				CLANG_WARN_BLOCK_CAPTURE_AUTORELEASING = YES;
				CLANG_WARN_BOOL_CONVERSION = YES;
				CLANG_WARN_COMMA = YES;
				CLANG_WARN_CONSTANT_CONVERSION = YES;
				CLANG_WARN_DEPRECATED_OBJC_IMPLEMENTATIONS = YES;
				CLANG_WARN_DIRECT_OBJC_ISA_USAGE = YES_ERROR;
				CLANG_WARN_DOCUMENTATION_COMMENTS = YES;
				CLANG_WARN_EMPTY_BODY = YES;
				CLANG_WARN_ENUM_CONVERSION = YES;
				CLANG_WARN_INFINITE_RECURSION = YES;
				CLANG_WARN_INT_CONVERSION = YES;
				CLANG_WARN_NON_LITERAL_NULL_CONVERSION = YES;
				CLANG_WARN_OBJC_IMPLICIT_RETAIN_SELF = YES;
				CLANG_WARN_OBJC_LITERAL_CONVERSION = YES;
				CLANG_WARN_OBJC_ROOT_CLASS = YES_ERROR;
				CLANG_WARN_QUOTED_INCLUDE_IN_FRAMEWORK_HEADER = YES;
				CLANG_WARN_RANGE_LOOP_ANALYSIS = YES;
				CLANG_WARN_STRICT_PROTOTYPES = YES;
				CLANG_WARN_SUSPICIOUS_MOVE = YES;
				CLANG_WARN_UNGUARDED_AVAILABILITY = YES_AGGRESSIVE;
				CLANG_WARN_UNREACHABLE_CODE = YES;
				CLANG_WARN__DUPLICATE_METHOD_MATCH = YES;
				COPY_PHASE_STRIP = NO;
				DEBUG_INFORMATION_FORMAT = dwarf;
				ENABLE_STRICT_OBJC_MSGSEND = YES;
				ENABLE_TESTABILITY = YES;
				GCC_C_LANGUAGE_STANDARD = gnu11;
				GCC_DYNAMIC_NO_PIC = NO;
				GCC_NO_COMMON_BLOCKS = YES;
				GCC_OPTIMIZATION_LEVEL = 0;
				GCC_PREPROCESSOR_DEFINITIONS = (
					"DEBUG=1",
					"$(inherited)",
				);
				GCC_WARN_64_TO_32_BIT_CONVERSION = YES;
				GCC_WARN_ABOUT_RETURN_TYPE = YES_ERROR;
				GCC_WARN_UNDECLARED_SELECTOR = YES;
				GCC_WARN_UNINITIALIZED_AUTOS = YES_AGGRESSIVE;
				GCC_WARN_UNUSED_FUNCTION = YES;
				GCC_WARN_UNUSED_VARIABLE = YES;
				IPHONEOS_DEPLOYMENT_TARGET = 14.4;
				MTL_ENABLE_DEBUG_INFO = INCLUDE_SOURCE;
				MTL_FAST_MATH = YES;
				ONLY_ACTIVE_ARCH = YES;
				SDKROOT = iphoneos;
				SWIFT_ACTIVE_COMPILATION_CONDITIONS = DEBUG;
				SWIFT_OPTIMIZATION_LEVEL = "-Onone";
			};
			name = Debug;
		};
		F795FBAE2600F75700ED80F2 /* Release */ = {
			isa = XCBuildConfiguration;
			buildSettings = {
				ALWAYS_SEARCH_USER_PATHS = NO;
				CLANG_ANALYZER_NONNULL = YES;
				CLANG_ANALYZER_NUMBER_OBJECT_CONVERSION = YES_AGGRESSIVE;
				CLANG_CXX_LANGUAGE_STANDARD = "gnu++14";
				CLANG_CXX_LIBRARY = "libc++";
				CLANG_ENABLE_MODULES = YES;
				CLANG_ENABLE_OBJC_ARC = YES;
				CLANG_ENABLE_OBJC_WEAK = YES;
				CLANG_WARN_BLOCK_CAPTURE_AUTORELEASING = YES;
				CLANG_WARN_BOOL_CONVERSION = YES;
				CLANG_WARN_COMMA = YES;
				CLANG_WARN_CONSTANT_CONVERSION = YES;
				CLANG_WARN_DEPRECATED_OBJC_IMPLEMENTATIONS = YES;
				CLANG_WARN_DIRECT_OBJC_ISA_USAGE = YES_ERROR;
				CLANG_WARN_DOCUMENTATION_COMMENTS = YES;
				CLANG_WARN_EMPTY_BODY = YES;
				CLANG_WARN_ENUM_CONVERSION = YES;
				CLANG_WARN_INFINITE_RECURSION = YES;
				CLANG_WARN_INT_CONVERSION = YES;
				CLANG_WARN_NON_LITERAL_NULL_CONVERSION = YES;
				CLANG_WARN_OBJC_IMPLICIT_RETAIN_SELF = YES;
				CLANG_WARN_OBJC_LITERAL_CONVERSION = YES;
				CLANG_WARN_OBJC_ROOT_CLASS = YES_ERROR;
				CLANG_WARN_QUOTED_INCLUDE_IN_FRAMEWORK_HEADER = YES;
				CLANG_WARN_RANGE_LOOP_ANALYSIS = YES;
				CLANG_WARN_STRICT_PROTOTYPES = YES;
				CLANG_WARN_SUSPICIOUS_MOVE = YES;
				CLANG_WARN_UNGUARDED_AVAILABILITY = YES_AGGRESSIVE;
				CLANG_WARN_UNREACHABLE_CODE = YES;
				CLANG_WARN__DUPLICATE_METHOD_MATCH = YES;
				COPY_PHASE_STRIP = NO;
				DEBUG_INFORMATION_FORMAT = "dwarf-with-dsym";
				ENABLE_NS_ASSERTIONS = NO;
				ENABLE_STRICT_OBJC_MSGSEND = YES;
				GCC_C_LANGUAGE_STANDARD = gnu11;
				GCC_NO_COMMON_BLOCKS = YES;
				GCC_WARN_64_TO_32_BIT_CONVERSION = YES;
				GCC_WARN_ABOUT_RETURN_TYPE = YES_ERROR;
				GCC_WARN_UNDECLARED_SELECTOR = YES;
				GCC_WARN_UNINITIALIZED_AUTOS = YES_AGGRESSIVE;
				GCC_WARN_UNUSED_FUNCTION = YES;
				GCC_WARN_UNUSED_VARIABLE = YES;
				IPHONEOS_DEPLOYMENT_TARGET = 14.4;
				MTL_ENABLE_DEBUG_INFO = NO;
				MTL_FAST_MATH = YES;
				SDKROOT = iphoneos;
				SWIFT_COMPILATION_MODE = wholemodule;
				SWIFT_OPTIMIZATION_LEVEL = "-O";
				VALIDATE_PRODUCT = YES;
			};
			name = Release;
		};
		F795FBB02600F75700ED80F2 /* Debug */ = {
			isa = XCBuildConfiguration;
			buildSettings = {
				ASSETCATALOG_COMPILER_APPICON_NAME = AppIcon;
				ASSETCATALOG_COMPILER_GLOBAL_ACCENT_COLOR_NAME = AccentColor;
				CODE_SIGN_STYLE = Automatic;
				INFOPLIST_FILE = BountyList/Info.plist;
				LD_RUNPATH_SEARCH_PATHS = (
					"$(inherited)",
					"@executable_path/Frameworks",
				);
				PRODUCT_BUNDLE_IDENTIFIER = HelloWorld.BountyList;
				PRODUCT_NAME = "$(TARGET_NAME)";
				SWIFT_VERSION = 5.0;
				TARGETED_DEVICE_FAMILY = "1,2";
			};
			name = Debug;
		};
		F795FBB12600F75700ED80F2 /* Release */ = {
			isa = XCBuildConfiguration;
			buildSettings = {
				ASSETCATALOG_COMPILER_APPICON_NAME = AppIcon;
				ASSETCATALOG_COMPILER_GLOBAL_ACCENT_COLOR_NAME = AccentColor;
				CODE_SIGN_STYLE = Automatic;
				INFOPLIST_FILE = BountyList/Info.plist;
				LD_RUNPATH_SEARCH_PATHS = (
					"$(inherited)",
					"@executable_path/Frameworks",
				);
				PRODUCT_BUNDLE_IDENTIFIER = HelloWorld.BountyList;
				PRODUCT_NAME = "$(TARGET_NAME)";
				SWIFT_VERSION = 5.0;
				TARGETED_DEVICE_FAMILY = "1,2";
			};
			name = Release;
		};
		F795FBB32600F75700ED80F2 /* Debug */ = {
			isa = XCBuildConfiguration;
			buildSettings = {
				ALWAYS_EMBED_SWIFT_STANDARD_LIBRARIES = YES;
				BUNDLE_LOADER = "$(TEST_HOST)";
				CODE_SIGN_STYLE = Automatic;
				INFOPLIST_FILE = BountyListTests/Info.plist;
				IPHONEOS_DEPLOYMENT_TARGET = 14.4;
				LD_RUNPATH_SEARCH_PATHS = (
					"$(inherited)",
					"@executable_path/Frameworks",
					"@loader_path/Frameworks",
				);
				PRODUCT_BUNDLE_IDENTIFIER = HelloWorld.BountyListTests;
				PRODUCT_NAME = "$(TARGET_NAME)";
				SWIFT_VERSION = 5.0;
				TARGETED_DEVICE_FAMILY = "1,2";
				TEST_HOST = "$(BUILT_PRODUCTS_DIR)/BountyList.app/BountyList";
			};
			name = Debug;
		};
		F795FBB42600F75700ED80F2 /* Release */ = {
			isa = XCBuildConfiguration;
			buildSettings = {
				ALWAYS_EMBED_SWIFT_STANDARD_LIBRARIES = YES;
				BUNDLE_LOADER = "$(TEST_HOST)";
				CODE_SIGN_STYLE = Automatic;
				INFOPLIST_FILE = BountyListTests/Info.plist;
				IPHONEOS_DEPLOYMENT_TARGET = 14.4;
				LD_RUNPATH_SEARCH_PATHS = (
					"$(inherited)",
					"@executable_path/Frameworks",
					"@loader_path/Frameworks",
				);
				PRODUCT_BUNDLE_IDENTIFIER = HelloWorld.BountyListTests;
				PRODUCT_NAME = "$(TARGET_NAME)";
				SWIFT_VERSION = 5.0;
				TARGETED_DEVICE_FAMILY = "1,2";
				TEST_HOST = "$(BUILT_PRODUCTS_DIR)/BountyList.app/BountyList";
			};
			name = Release;
		};
		F795FBB62600F75700ED80F2 /* Debug */ = {
			isa = XCBuildConfiguration;
			buildSettings = {
				ALWAYS_EMBED_SWIFT_STANDARD_LIBRARIES = YES;
				CODE_SIGN_STYLE = Automatic;
				INFOPLIST_FILE = BountyListUITests/Info.plist;
				LD_RUNPATH_SEARCH_PATHS = (
					"$(inherited)",
					"@executable_path/Frameworks",
					"@loader_path/Frameworks",
				);
				PRODUCT_BUNDLE_IDENTIFIER = HelloWorld.BountyListUITests;
				PRODUCT_NAME = "$(TARGET_NAME)";
				SWIFT_VERSION = 5.0;
				TARGETED_DEVICE_FAMILY = "1,2";
				TEST_TARGET_NAME = BountyList;
			};
			name = Debug;
		};
		F795FBB72600F75700ED80F2 /* Release */ = {
			isa = XCBuildConfiguration;
			buildSettings = {
				ALWAYS_EMBED_SWIFT_STANDARD_LIBRARIES = YES;
				CODE_SIGN_STYLE = Automatic;
				INFOPLIST_FILE = BountyListUITests/Info.plist;
				LD_RUNPATH_SEARCH_PATHS = (
					"$(inherited)",
					"@executable_path/Frameworks",
					"@loader_path/Frameworks",
				);
				PRODUCT_BUNDLE_IDENTIFIER = HelloWorld.BountyListUITests;
				PRODUCT_NAME = "$(TARGET_NAME)";
				SWIFT_VERSION = 5.0;
				TARGETED_DEVICE_FAMILY = "1,2";
				TEST_TARGET_NAME = BountyList;
			};
			name = Release;
		};
/* End XCBuildConfiguration section */

/* Begin XCConfigurationList section */
		F795FB802600F75500ED80F2 /* Build configuration list for PBXProject "BountyList" */ = {
			isa = XCConfigurationList;
			buildConfigurations = (
				F795FBAD2600F75700ED80F2 /* Debug */,
				F795FBAE2600F75700ED80F2 /* Release */,
			);
			defaultConfigurationIsVisible = 0;
			defaultConfigurationName = Release;
		};
		F795FBAF2600F75700ED80F2 /* Build configuration list for PBXNativeTarget "BountyList" */ = {
			isa = XCConfigurationList;
			buildConfigurations = (
				F795FBB02600F75700ED80F2 /* Debug */,
				F795FBB12600F75700ED80F2 /* Release */,
			);
			defaultConfigurationIsVisible = 0;
			defaultConfigurationName = Release;
		};
		F795FBB22600F75700ED80F2 /* Build configuration list for PBXNativeTarget "BountyListTests" */ = {
			isa = XCConfigurationList;
			buildConfigurations = (
				F795FBB32600F75700ED80F2 /* Debug */,
				F795FBB42600F75700ED80F2 /* Release */,
			);
			defaultConfigurationIsVisible = 0;
			defaultConfigurationName = Release;
		};
		F795FBB52600F75700ED80F2 /* Build configuration list for PBXNativeTarget "BountyListUITests" */ = {
			isa = XCConfigurationList;
			buildConfigurations = (
				F795FBB62600F75700ED80F2 /* Debug */,
				F795FBB72600F75700ED80F2 /* Release */,
			);
			defaultConfigurationIsVisible = 0;
			defaultConfigurationName = Release;
		};
/* End XCConfigurationList section */
	};
	rootObject = F795FB7D2600F75500ED80F2 /* Project object */;
}
